// !$*UTF8*$!
{
	archiveVersion = 1;
	classes = {
	};
	objectVersion = 50;
	objects = {

/* Begin PBXBuildFile section */
		3A8D4A27233A6D7F00B21E69 /* TimersResponse.swift in Sources */ = {isa = PBXBuildFile; fileRef = 3A8D4A26233A6D7F00B21E69 /* TimersResponse.swift */; };
		3A8D4A29233A767F00B21E69 /* TimersResponseTests.swift in Sources */ = {isa = PBXBuildFile; fileRef = 3A8D4A28233A767F00B21E69 /* TimersResponseTests.swift */; };
		3A8D4A2A233A768500B21E69 /* TimersResponse.swift in Sources */ = {isa = PBXBuildFile; fileRef = 3A8D4A26233A6D7F00B21E69 /* TimersResponse.swift */; };
		3A96D8FB233A1035004F442A /* LoginRequest.swift in Sources */ = {isa = PBXBuildFile; fileRef = 3A96D8FA233A1035004F442A /* LoginRequest.swift */; };
		3A96D90B233A23EB004F442A /* LoginRequestTests.swift in Sources */ = {isa = PBXBuildFile; fileRef = 3A96D90A233A23EB004F442A /* LoginRequestTests.swift */; };
		3A96D90C233A258C004F442A /* LoginRequest.swift in Sources */ = {isa = PBXBuildFile; fileRef = 3A96D8FA233A1035004F442A /* LoginRequest.swift */; };
		3AA16E54233A02E300D25BFB /* AppDelegate.swift in Sources */ = {isa = PBXBuildFile; fileRef = 3AA16E53233A02E300D25BFB /* AppDelegate.swift */; };
		3AA16E56233A02E300D25BFB /* ViewController.swift in Sources */ = {isa = PBXBuildFile; fileRef = 3AA16E55233A02E300D25BFB /* ViewController.swift */; };
		3AA16E58233A02E500D25BFB /* Assets.xcassets in Resources */ = {isa = PBXBuildFile; fileRef = 3AA16E57233A02E500D25BFB /* Assets.xcassets */; };
		3AA16E5B233A02E500D25BFB /* Main.storyboard in Resources */ = {isa = PBXBuildFile; fileRef = 3AA16E59233A02E500D25BFB /* Main.storyboard */; };
		3ADB215B233A429E00596320 /* LoginResponse.swift in Sources */ = {isa = PBXBuildFile; fileRef = 3ADB215A233A429E00596320 /* LoginResponse.swift */; };
		3ADB215D233A42B700596320 /* LoginResponseTests.swift in Sources */ = {isa = PBXBuildFile; fileRef = 3ADB215C233A42B700596320 /* LoginResponseTests.swift */; };
		3ADB215E233A43F600596320 /* LoginResponse.swift in Sources */ = {isa = PBXBuildFile; fileRef = 3ADB215A233A429E00596320 /* LoginResponse.swift */; };
		3ADB2160233A531A00596320 /* LogoutResponse.swift in Sources */ = {isa = PBXBuildFile; fileRef = 3ADB215F233A531A00596320 /* LogoutResponse.swift */; };
		3ADB2162233A537600596320 /* LogoutResponseTests.swift in Sources */ = {isa = PBXBuildFile; fileRef = 3ADB2161233A537600596320 /* LogoutResponseTests.swift */; };
		3ADB2163233A53FA00596320 /* LogoutResponse.swift in Sources */ = {isa = PBXBuildFile; fileRef = 3ADB215F233A531A00596320 /* LogoutResponse.swift */; };
		3ADB2166233A5CD800596320 /* DateRange.swift in Sources */ = {isa = PBXBuildFile; fileRef = 3ADB2165233A5CD800596320 /* DateRange.swift */; };
		3ADB2168233A5DC900596320 /* DateRangeTests.swift in Sources */ = {isa = PBXBuildFile; fileRef = 3ADB2167233A5DC900596320 /* DateRangeTests.swift */; };
		3ADB2169233A5DCE00596320 /* DateRange.swift in Sources */ = {isa = PBXBuildFile; fileRef = 3ADB2165233A5CD800596320 /* DateRange.swift */; };
		3ADD20E52341C8C600BDEEF7 /* LoginViewController.swift in Sources */ = {isa = PBXBuildFile; fileRef = 3ADD20E42341C8C600BDEEF7 /* LoginViewController.swift */; };
/* End PBXBuildFile section */

/* Begin PBXContainerItemProxy section */
		3A96D905233A2265004F442A /* PBXContainerItemProxy */ = {
			isa = PBXContainerItemProxy;
			containerPortal = 3AA16E48233A02E300D25BFB /* Project object */;
			proxyType = 1;
			remoteGlobalIDString = 3AA16E4F233A02E300D25BFB;
			remoteInfo = HoursContentCopier;
		};
/* End PBXContainerItemProxy section */

/* Begin PBXFileReference section */
		3A8D4A26233A6D7F00B21E69 /* TimersResponse.swift */ = {isa = PBXFileReference; lastKnownFileType = sourcecode.swift; path = TimersResponse.swift; sourceTree = "<group>"; };
		3A8D4A28233A767F00B21E69 /* TimersResponseTests.swift */ = {isa = PBXFileReference; lastKnownFileType = sourcecode.swift; path = TimersResponseTests.swift; sourceTree = "<group>"; };
		3A96D8FA233A1035004F442A /* LoginRequest.swift */ = {isa = PBXFileReference; lastKnownFileType = sourcecode.swift; path = LoginRequest.swift; sourceTree = "<group>"; };
		3A96D900233A2265004F442A /* HoursContentCopierTests.xctest */ = {isa = PBXFileReference; explicitFileType = wrapper.cfbundle; includeInIndex = 0; path = HoursContentCopierTests.xctest; sourceTree = BUILT_PRODUCTS_DIR; };
		3A96D904233A2265004F442A /* Info.plist */ = {isa = PBXFileReference; lastKnownFileType = text.plist.xml; path = Info.plist; sourceTree = "<group>"; };
		3A96D90A233A23EB004F442A /* LoginRequestTests.swift */ = {isa = PBXFileReference; lastKnownFileType = sourcecode.swift; path = LoginRequestTests.swift; sourceTree = "<group>"; };
		3AA16E50233A02E300D25BFB /* HoursContentCopier.app */ = {isa = PBXFileReference; explicitFileType = wrapper.application; includeInIndex = 0; path = HoursContentCopier.app; sourceTree = BUILT_PRODUCTS_DIR; };
		3AA16E53233A02E300D25BFB /* AppDelegate.swift */ = {isa = PBXFileReference; lastKnownFileType = sourcecode.swift; path = AppDelegate.swift; sourceTree = "<group>"; };
		3AA16E55233A02E300D25BFB /* ViewController.swift */ = {isa = PBXFileReference; lastKnownFileType = sourcecode.swift; path = ViewController.swift; sourceTree = "<group>"; };
		3AA16E57233A02E500D25BFB /* Assets.xcassets */ = {isa = PBXFileReference; lastKnownFileType = folder.assetcatalog; path = Assets.xcassets; sourceTree = "<group>"; };
		3AA16E5A233A02E500D25BFB /* Base */ = {isa = PBXFileReference; lastKnownFileType = file.storyboard; name = Base; path = Base.lproj/Main.storyboard; sourceTree = "<group>"; };
		3AA16E5C233A02E500D25BFB /* Info.plist */ = {isa = PBXFileReference; lastKnownFileType = text.plist.xml; path = Info.plist; sourceTree = "<group>"; };
		3AA16E5D233A02E500D25BFB /* HoursContentCopier.entitlements */ = {isa = PBXFileReference; lastKnownFileType = text.plist.entitlements; path = HoursContentCopier.entitlements; sourceTree = "<group>"; };
		3ADB215A233A429E00596320 /* LoginResponse.swift */ = {isa = PBXFileReference; lastKnownFileType = sourcecode.swift; path = LoginResponse.swift; sourceTree = "<group>"; };
		3ADB215C233A42B700596320 /* LoginResponseTests.swift */ = {isa = PBXFileReference; lastKnownFileType = sourcecode.swift; path = LoginResponseTests.swift; sourceTree = "<group>"; };
		3ADB215F233A531A00596320 /* LogoutResponse.swift */ = {isa = PBXFileReference; lastKnownFileType = sourcecode.swift; path = LogoutResponse.swift; sourceTree = "<group>"; };
		3ADB2161233A537600596320 /* LogoutResponseTests.swift */ = {isa = PBXFileReference; lastKnownFileType = sourcecode.swift; name = LogoutResponseTests.swift; path = HoursContentCopierTests/LogoutResponseTests.swift; sourceTree = SOURCE_ROOT; };
		3ADB2164233A596600596320 /* ko */ = {isa = PBXFileReference; lastKnownFileType = text.plist.strings; name = ko; path = ko.lproj/Main.strings; sourceTree = "<group>"; };
		3ADB2165233A5CD800596320 /* DateRange.swift */ = {isa = PBXFileReference; lastKnownFileType = sourcecode.swift; path = DateRange.swift; sourceTree = "<group>"; };
		3ADB2167233A5DC900596320 /* DateRangeTests.swift */ = {isa = PBXFileReference; lastKnownFileType = sourcecode.swift; path = DateRangeTests.swift; sourceTree = "<group>"; };
		3ADD20E42341C8C600BDEEF7 /* LoginViewController.swift */ = {isa = PBXFileReference; lastKnownFileType = sourcecode.swift; path = LoginViewController.swift; sourceTree = "<group>"; };
/* End PBXFileReference section */

/* Begin PBXFrameworksBuildPhase section */
		3A96D8FD233A2265004F442A /* Frameworks */ = {
			isa = PBXFrameworksBuildPhase;
			buildActionMask = 2147483647;
			files = (
			);
			runOnlyForDeploymentPostprocessing = 0;
		};
		3AA16E4D233A02E300D25BFB /* Frameworks */ = {
			isa = PBXFrameworksBuildPhase;
			buildActionMask = 2147483647;
			files = (
			);
			runOnlyForDeploymentPostprocessing = 0;
		};
/* End PBXFrameworksBuildPhase section */

/* Begin PBXGroup section */
		3A96D901233A2265004F442A /* HoursContentCopierTests */ = {
			isa = PBXGroup;
			children = (
				3A96D904233A2265004F442A /* Info.plist */,
				3A96D90A233A23EB004F442A /* LoginRequestTests.swift */,
				3ADB215C233A42B700596320 /* LoginResponseTests.swift */,
				3ADB2161233A537600596320 /* LogoutResponseTests.swift */,
				3ADB2167233A5DC900596320 /* DateRangeTests.swift */,
				3A8D4A28233A767F00B21E69 /* TimersResponseTests.swift */,
			);
			path = HoursContentCopierTests;
			sourceTree = "<group>";
		};
		3AA16E47233A02E300D25BFB = {
			isa = PBXGroup;
			children = (
				3AA16E52233A02E300D25BFB /* HoursContentCopier */,
				3A96D901233A2265004F442A /* HoursContentCopierTests */,
				3AA16E51233A02E300D25BFB /* Products */,
			);
			sourceTree = "<group>";
		};
		3AA16E51233A02E300D25BFB /* Products */ = {
			isa = PBXGroup;
			children = (
				3AA16E50233A02E300D25BFB /* HoursContentCopier.app */,
				3A96D900233A2265004F442A /* HoursContentCopierTests.xctest */,
			);
			name = Products;
			sourceTree = "<group>";
		};
		3AA16E52233A02E300D25BFB /* HoursContentCopier */ = {
			isa = PBXGroup;
			children = (
				3AA16E53233A02E300D25BFB /* AppDelegate.swift */,
				3AA16E55233A02E300D25BFB /* ViewController.swift */,
				3ADD20E42341C8C600BDEEF7 /* LoginViewController.swift */,
				3AA16E57233A02E500D25BFB /* Assets.xcassets */,
				3AA16E59233A02E500D25BFB /* Main.storyboard */,
				3AA16E5C233A02E500D25BFB /* Info.plist */,
				3AA16E5D233A02E500D25BFB /* HoursContentCopier.entitlements */,
				3A96D8FA233A1035004F442A /* LoginRequest.swift */,
				3ADB215A233A429E00596320 /* LoginResponse.swift */,
				3ADB215F233A531A00596320 /* LogoutResponse.swift */,
				3ADB2165233A5CD800596320 /* DateRange.swift */,
				3A8D4A26233A6D7F00B21E69 /* TimersResponse.swift */,
			);
			path = HoursContentCopier;
			sourceTree = "<group>";
		};
/* End PBXGroup section */

/* Begin PBXNativeTarget section */
		3A96D8FF233A2265004F442A /* HoursContentCopierTests */ = {
			isa = PBXNativeTarget;
			buildConfigurationList = 3A96D909233A2265004F442A /* Build configuration list for PBXNativeTarget "HoursContentCopierTests" */;
			buildPhases = (
				3A96D8FC233A2265004F442A /* Sources */,
				3A96D8FD233A2265004F442A /* Frameworks */,
				3A96D8FE233A2265004F442A /* Resources */,
			);
			buildRules = (
			);
			dependencies = (
				3A96D906233A2265004F442A /* PBXTargetDependency */,
			);
			name = HoursContentCopierTests;
			productName = HoursContentCopierTests;
			productReference = 3A96D900233A2265004F442A /* HoursContentCopierTests.xctest */;
			productType = "com.apple.product-type.bundle.unit-test";
		};
		3AA16E4F233A02E300D25BFB /* HoursContentCopier */ = {
			isa = PBXNativeTarget;
			buildConfigurationList = 3AA16E60233A02E500D25BFB /* Build configuration list for PBXNativeTarget "HoursContentCopier" */;
			buildPhases = (
				3AA16E4C233A02E300D25BFB /* Sources */,
				3AA16E4D233A02E300D25BFB /* Frameworks */,
				3AA16E4E233A02E300D25BFB /* Resources */,
			);
			buildRules = (
			);
			dependencies = (
			);
			name = HoursContentCopier;
			productName = HoursContentCopier;
			productReference = 3AA16E50233A02E300D25BFB /* HoursContentCopier.app */;
			productType = "com.apple.product-type.application";
		};
/* End PBXNativeTarget section */

/* Begin PBXProject section */
		3AA16E48233A02E300D25BFB /* Project object */ = {
			isa = PBXProject;
			attributes = {
				LastSwiftUpdateCheck = 1030;
				LastUpgradeCheck = 1100;
				ORGANIZATIONNAME = namo;
				TargetAttributes = {
					3A96D8FF233A2265004F442A = {
						CreatedOnToolsVersion = 10.3;
						TestTargetID = 3AA16E4F233A02E300D25BFB;
					};
					3AA16E4F233A02E300D25BFB = {
						CreatedOnToolsVersion = 10.3;
						SystemCapabilities = {
							com.apple.Sandbox = {
								enabled = 1;
							};
						};
					};
				};
			};
			buildConfigurationList = 3AA16E4B233A02E300D25BFB /* Build configuration list for PBXProject "HoursContentCopier" */;
			compatibilityVersion = "Xcode 9.3";
			developmentRegion = en;
			hasScannedForEncodings = 0;
			knownRegions = (
				en,
				Base,
				ko,
			);
			mainGroup = 3AA16E47233A02E300D25BFB;
			productRefGroup = 3AA16E51233A02E300D25BFB /* Products */;
			projectDirPath = "";
			projectRoot = "";
			targets = (
				3AA16E4F233A02E300D25BFB /* HoursContentCopier */,
				3A96D8FF233A2265004F442A /* HoursContentCopierTests */,
			);
		};
/* End PBXProject section */

/* Begin PBXResourcesBuildPhase section */
		3A96D8FE233A2265004F442A /* Resources */ = {
			isa = PBXResourcesBuildPhase;
			buildActionMask = 2147483647;
			files = (
			);
			runOnlyForDeploymentPostprocessing = 0;
		};
		3AA16E4E233A02E300D25BFB /* Resources */ = {
			isa = PBXResourcesBuildPhase;
			buildActionMask = 2147483647;
			files = (
				3AA16E58233A02E500D25BFB /* Assets.xcassets in Resources */,
				3AA16E5B233A02E500D25BFB /* Main.storyboard in Resources */,
			);
			runOnlyForDeploymentPostprocessing = 0;
		};
/* End PBXResourcesBuildPhase section */

/* Begin PBXSourcesBuildPhase section */
		3A96D8FC233A2265004F442A /* Sources */ = {
			isa = PBXSourcesBuildPhase;
			buildActionMask = 2147483647;
			files = (
				3A8D4A2A233A768500B21E69 /* TimersResponse.swift in Sources */,
				3A96D90C233A258C004F442A /* LoginRequest.swift in Sources */,
				3ADB2162233A537600596320 /* LogoutResponseTests.swift in Sources */,
				3ADB215D233A42B700596320 /* LoginResponseTests.swift in Sources */,
				3ADB2163233A53FA00596320 /* LogoutResponse.swift in Sources */,
				3ADB2169233A5DCE00596320 /* DateRange.swift in Sources */,
				3A8D4A29233A767F00B21E69 /* TimersResponseTests.swift in Sources */,
				3ADB2168233A5DC900596320 /* DateRangeTests.swift in Sources */,
				3A96D90B233A23EB004F442A /* LoginRequestTests.swift in Sources */,
				3ADB215E233A43F600596320 /* LoginResponse.swift in Sources */,
			);
			runOnlyForDeploymentPostprocessing = 0;
		};
		3AA16E4C233A02E300D25BFB /* Sources */ = {
			isa = PBXSourcesBuildPhase;
			buildActionMask = 2147483647;
			files = (
				3AA16E56233A02E300D25BFB /* ViewController.swift in Sources */,
				3AA16E54233A02E300D25BFB /* AppDelegate.swift in Sources */,
				3ADB215B233A429E00596320 /* LoginResponse.swift in Sources */,
				3A8D4A27233A6D7F00B21E69 /* TimersResponse.swift in Sources */,
				3ADD20E52341C8C600BDEEF7 /* LoginViewController.swift in Sources */,
				3A96D8FB233A1035004F442A /* LoginRequest.swift in Sources */,
				3ADB2160233A531A00596320 /* LogoutResponse.swift in Sources */,
				3ADB2166233A5CD800596320 /* DateRange.swift in Sources */,
			);
			runOnlyForDeploymentPostprocessing = 0;
		};
/* End PBXSourcesBuildPhase section */

/* Begin PBXTargetDependency section */
		3A96D906233A2265004F442A /* PBXTargetDependency */ = {
			isa = PBXTargetDependency;
			target = 3AA16E4F233A02E300D25BFB /* HoursContentCopier */;
			targetProxy = 3A96D905233A2265004F442A /* PBXContainerItemProxy */;
		};
/* End PBXTargetDependency section */

/* Begin PBXVariantGroup section */
		3AA16E59233A02E500D25BFB /* Main.storyboard */ = {
			isa = PBXVariantGroup;
			children = (
				3AA16E5A233A02E500D25BFB /* Base */,
				3ADB2164233A596600596320 /* ko */,
			);
			name = Main.storyboard;
			sourceTree = "<group>";
		};
/* End PBXVariantGroup section */

/* Begin XCBuildConfiguration section */
		3A96D907233A2265004F442A /* Debug */ = {
			isa = XCBuildConfiguration;
			buildSettings = {
				BUNDLE_LOADER = "$(TEST_HOST)";
				CODE_SIGN_STYLE = Automatic;
				COMBINE_HIDPI_IMAGES = YES;
				INFOPLIST_FILE = HoursContentCopierTests/Info.plist;
				LD_RUNPATH_SEARCH_PATHS = (
					"$(inherited)",
					"@executable_path/../Frameworks",
					"@loader_path/../Frameworks",
				);
				PRODUCT_BUNDLE_IDENTIFIER = com.github.namhokim.HoursContentCopierTests;
				PRODUCT_NAME = "$(TARGET_NAME)";
				SWIFT_VERSION = 5.0;
				TEST_HOST = "$(BUILT_PRODUCTS_DIR)/HoursContentCopier.app/Contents/MacOS/HoursContentCopier";
			};
			name = Debug;
		};
		3A96D908233A2265004F442A /* Release */ = {
			isa = XCBuildConfiguration;
			buildSettings = {
				BUNDLE_LOADER = "$(TEST_HOST)";
				CODE_SIGN_STYLE = Automatic;
				COMBINE_HIDPI_IMAGES = YES;
				INFOPLIST_FILE = HoursContentCopierTests/Info.plist;
				LD_RUNPATH_SEARCH_PATHS = (
					"$(inherited)",
					"@executable_path/../Frameworks",
					"@loader_path/../Frameworks",
				);
				PRODUCT_BUNDLE_IDENTIFIER = com.github.namhokim.HoursContentCopierTests;
				PRODUCT_NAME = "$(TARGET_NAME)";
				SWIFT_VERSION = 5.0;
				TEST_HOST = "$(BUILT_PRODUCTS_DIR)/HoursContentCopier.app/Contents/MacOS/HoursContentCopier";
			};
			name = Release;
		};
		3AA16E5E233A02E500D25BFB /* Debug */ = {
			isa = XCBuildConfiguration;
			buildSettings = {
				ALWAYS_SEARCH_USER_PATHS = NO;
				CLANG_ANALYZER_LOCALIZABILITY_NONLOCALIZED = YES;
				CLANG_ANALYZER_NONNULL = YES;
				CLANG_ANALYZER_NUMBER_OBJECT_CONVERSION = YES_AGGRESSIVE;
				CLANG_CXX_LANGUAGE_STANDARD = "gnu++14";
				CLANG_CXX_LIBRARY = "libc++";
				CLANG_ENABLE_MODULES = YES;
				CLANG_ENABLE_OBJC_ARC = YES;
				CLANG_ENABLE_OBJC_WEAK = YES;
				CLANG_WARN_BLOCK_CAPTURE_AUTORELEASING = YES;
				CLANG_WARN_BOOL_CONVERSION = YES;
				CLANG_WARN_COMMA = YES;
				CLANG_WARN_CONSTANT_CONVERSION = YES;
				CLANG_WARN_DEPRECATED_OBJC_IMPLEMENTATIONS = YES;
				CLANG_WARN_DIRECT_OBJC_ISA_USAGE = YES_ERROR;
				CLANG_WARN_DOCUMENTATION_COMMENTS = YES;
				CLANG_WARN_EMPTY_BODY = YES;
				CLANG_WARN_ENUM_CONVERSION = YES;
				CLANG_WARN_INFINITE_RECURSION = YES;
				CLANG_WARN_INT_CONVERSION = YES;
				CLANG_WARN_NON_LITERAL_NULL_CONVERSION = YES;
				CLANG_WARN_OBJC_IMPLICIT_RETAIN_SELF = YES;
				CLANG_WARN_OBJC_LITERAL_CONVERSION = YES;
				CLANG_WARN_OBJC_ROOT_CLASS = YES_ERROR;
				CLANG_WARN_RANGE_LOOP_ANALYSIS = YES;
				CLANG_WARN_STRICT_PROTOTYPES = YES;
				CLANG_WARN_SUSPICIOUS_MOVE = YES;
				CLANG_WARN_UNGUARDED_AVAILABILITY = YES_AGGRESSIVE;
				CLANG_WARN_UNREACHABLE_CODE = YES;
				CLANG_WARN__DUPLICATE_METHOD_MATCH = YES;
				CODE_SIGN_IDENTITY = "-";
				COPY_PHASE_STRIP = NO;
				DEBUG_INFORMATION_FORMAT = dwarf;
				ENABLE_STRICT_OBJC_MSGSEND = YES;
				ENABLE_TESTABILITY = YES;
				GCC_C_LANGUAGE_STANDARD = gnu11;
				GCC_DYNAMIC_NO_PIC = NO;
				GCC_NO_COMMON_BLOCKS = YES;
				GCC_OPTIMIZATION_LEVEL = 0;
				GCC_PREPROCESSOR_DEFINITIONS = (
					"DEBUG=1",
					"$(inherited)",
				);
				GCC_WARN_64_TO_32_BIT_CONVERSION = YES;
				GCC_WARN_ABOUT_RETURN_TYPE = YES_ERROR;
				GCC_WARN_UNDECLARED_SELECTOR = YES;
				GCC_WARN_UNINITIALIZED_AUTOS = YES_AGGRESSIVE;
				GCC_WARN_UNUSED_FUNCTION = YES;
				GCC_WARN_UNUSED_VARIABLE = YES;
				MACOSX_DEPLOYMENT_TARGET = 10.13;
				MTL_ENABLE_DEBUG_INFO = INCLUDE_SOURCE;
				MTL_FAST_MATH = YES;
				ONLY_ACTIVE_ARCH = YES;
				SDKROOT = macosx;
				SWIFT_ACTIVE_COMPILATION_CONDITIONS = DEBUG;
				SWIFT_OPTIMIZATION_LEVEL = "-Onone";
			};
			name = Debug;
		};
		3AA16E5F233A02E500D25BFB /* Release */ = {
			isa = XCBuildConfiguration;
			buildSettings = {
				ALWAYS_SEARCH_USER_PATHS = NO;
				CLANG_ANALYZER_LOCALIZABILITY_NONLOCALIZED = YES;
				CLANG_ANALYZER_NONNULL = YES;
				CLANG_ANALYZER_NUMBER_OBJECT_CONVERSION = YES_AGGRESSIVE;
				CLANG_CXX_LANGUAGE_STANDARD = "gnu++14";
				CLANG_CXX_LIBRARY = "libc++";
				CLANG_ENABLE_MODULES = YES;
				CLANG_ENABLE_OBJC_ARC = YES;
				CLANG_ENABLE_OBJC_WEAK = YES;
				CLANG_WARN_BLOCK_CAPTURE_AUTORELEASING = YES;
				CLANG_WARN_BOOL_CONVERSION = YES;
				CLANG_WARN_COMMA = YES;
				CLANG_WARN_CONSTANT_CONVERSION = YES;
				CLANG_WARN_DEPRECATED_OBJC_IMPLEMENTATIONS = YES;
				CLANG_WARN_DIRECT_OBJC_ISA_USAGE = YES_ERROR;
				CLANG_WARN_DOCUMENTATION_COMMENTS = YES;
				CLANG_WARN_EMPTY_BODY = YES;
				CLANG_WARN_ENUM_CONVERSION = YES;
				CLANG_WARN_INFINITE_RECURSION = YES;
				CLANG_WARN_INT_CONVERSION = YES;
				CLANG_WARN_NON_LITERAL_NULL_CONVERSION = YES;
				CLANG_WARN_OBJC_IMPLICIT_RETAIN_SELF = YES;
				CLANG_WARN_OBJC_LITERAL_CONVERSION = YES;
				CLANG_WARN_OBJC_ROOT_CLASS = YES_ERROR;
				CLANG_WARN_RANGE_LOOP_ANALYSIS = YES;
				CLANG_WARN_STRICT_PROTOTYPES = YES;
				CLANG_WARN_SUSPICIOUS_MOVE = YES;
				CLANG_WARN_UNGUARDED_AVAILABILITY = YES_AGGRESSIVE;
				CLANG_WARN_UNREACHABLE_CODE = YES;
				CLANG_WARN__DUPLICATE_METHOD_MATCH = YES;
				CODE_SIGN_IDENTITY = "-";
				COPY_PHASE_STRIP = NO;
				DEBUG_INFORMATION_FORMAT = "dwarf-with-dsym";
				ENABLE_NS_ASSERTIONS = NO;
				ENABLE_STRICT_OBJC_MSGSEND = YES;
				GCC_C_LANGUAGE_STANDARD = gnu11;
				GCC_NO_COMMON_BLOCKS = YES;
				GCC_WARN_64_TO_32_BIT_CONVERSION = YES;
				GCC_WARN_ABOUT_RETURN_TYPE = YES_ERROR;
				GCC_WARN_UNDECLARED_SELECTOR = YES;
				GCC_WARN_UNINITIALIZED_AUTOS = YES_AGGRESSIVE;
				GCC_WARN_UNUSED_FUNCTION = YES;
				GCC_WARN_UNUSED_VARIABLE = YES;
				MACOSX_DEPLOYMENT_TARGET = 10.13;
				MTL_ENABLE_DEBUG_INFO = NO;
				MTL_FAST_MATH = YES;
				SDKROOT = macosx;
				SWIFT_COMPILATION_MODE = wholemodule;
				SWIFT_OPTIMIZATION_LEVEL = "-O";
			};
			name = Release;
		};
		3AA16E61233A02E500D25BFB /* Debug */ = {
			isa = XCBuildConfiguration;
			buildSettings = {
				ASSETCATALOG_COMPILER_APPICON_NAME = AppIcon;
				CODE_SIGN_ENTITLEMENTS = HoursContentCopier/HoursContentCopier.entitlements;
				CODE_SIGN_IDENTITY = "-";
				CODE_SIGN_STYLE = Automatic;
				COMBINE_HIDPI_IMAGES = YES;
				INFOPLIST_FILE = HoursContentCopier/Info.plist;
				LD_RUNPATH_SEARCH_PATHS = (
					"$(inherited)",
					"@executable_path/../Frameworks",
				);
				PRODUCT_BUNDLE_IDENTIFIER = com.github.namhokim.HoursContentCopier;
				PRODUCT_NAME = "$(TARGET_NAME)";
				SWIFT_VERSION = 5.0;
			};
			name = Debug;
		};
		3AA16E62233A02E500D25BFB /* Release */ = {
			isa = XCBuildConfiguration;
			buildSettings = {
				ASSETCATALOG_COMPILER_APPICON_NAME = AppIcon;
				CODE_SIGN_ENTITLEMENTS = HoursContentCopier/HoursContentCopier.entitlements;
				CODE_SIGN_IDENTITY = "-";
				CODE_SIGN_STYLE = Automatic;
				COMBINE_HIDPI_IMAGES = YES;
				INFOPLIST_FILE = HoursContentCopier/Info.plist;
				LD_RUNPATH_SEARCH_PATHS = (
					"$(inherited)",
					"@executable_path/../Frameworks",
				);
				PRODUCT_BUNDLE_IDENTIFIER = com.github.namhokim.HoursContentCopier;
				PRODUCT_NAME = "$(TARGET_NAME)";
				SWIFT_VERSION = 5.0;
			};
			name = Release;
		};
/* End XCBuildConfiguration section */

/* Begin XCConfigurationList section */
		3A96D909233A2265004F442A /* Build configuration list for PBXNativeTarget "HoursContentCopierTests" */ = {
			isa = XCConfigurationList;
			buildConfigurations = (
				3A96D907233A2265004F442A /* Debug */,
				3A96D908233A2265004F442A /* Release */,
			);
			defaultConfigurationIsVisible = 0;
			defaultConfigurationName = Release;
		};
		3AA16E4B233A02E300D25BFB /* Build configuration list for PBXProject "HoursContentCopier" */ = {
			isa = XCConfigurationList;
			buildConfigurations = (
				3AA16E5E233A02E500D25BFB /* Debug */,
				3AA16E5F233A02E500D25BFB /* Release */,
			);
			defaultConfigurationIsVisible = 0;
			defaultConfigurationName = Release;
		};
		3AA16E60233A02E500D25BFB /* Build configuration list for PBXNativeTarget "HoursContentCopier" */ = {
			isa = XCConfigurationList;
			buildConfigurations = (
				3AA16E61233A02E500D25BFB /* Debug */,
				3AA16E62233A02E500D25BFB /* Release */,
			);
			defaultConfigurationIsVisible = 0;
			defaultConfigurationName = Release;
		};
/* End XCConfigurationList section */
	};
	rootObject = 3AA16E48233A02E300D25BFB /* Project object */;
}
